
Microsoft Visual Studio Solution File, Format Version 12.00
# Visual Studio 15
VisualStudioVersion = 15.0.28307.705
MinimumVisualStudioVersion = 10.0.40219.1
Project("{8BC9CEB8-8B4A-11D0-8D11-00A0C91BC942}") = "SimpleRoguelike", "SimpleRoguelike.vcxproj", "{4F28B558-8438-4489-9FA0-434B5CEA0825}"
EndProject
Global
	GlobalSection(SolutionConfigurationPlatforms) = preSolution
		Debug|x64 = Debug|x64
		Debug|x86 = Debug|x86
		Release|x64 = Release|x64
		Release|x86 = Release|x86
	EndGlobalSection
	GlobalSection(ProjectConfigurationPlatforms) = postSolution
		{4F28B558-8438-4489-9FA0-434B5CEA0825}.Debug|x64.ActiveCfg = Debug|x64
		{4F28B558-8438-4489-9FA0-434B5CEA0825}.Debug|x64.Build.0 = Debug|x64
		{4F28B558-8438-4489-9FA0-434B5CEA0825}.Debug|x86.ActiveCfg = Debug|Win32
		{4F28B558-8438-4489-9FA0-434B5CEA0825}.Debug|x86.Build.0 = Debug|Win32
		{4F28B558-8438-4489-9FA0-434B5CEA0825}.Release|x64.ActiveCfg = Release|x64
		{4F28B558-8438-4489-9FA0-434B5CEA0825}.Release|x64.Build.0 = Release|x64
		{4F28B558-8438-4489-9FA0-434B5CEA0825}.Release|x86.ActiveCfg = Release|Win32
		{4F28B558-8438-4489-9FA0-434B5CEA0825}.Release|x86.Build.0 = Release|Win32
	EndGlobalSection
	GlobalSection(SolutionProperties) = preSolution
		HideSolutionNode = FALSE
	EndGlobalSection
	GlobalSection(ExtensibilityGlobals) = postSolution
		SolutionGuid = {9846F5A6-99FA-4152-8F32-0DA68AFB4F94}
	EndGlobalSection
EndGlobal
